
Microsoft Visual Studio Solution File, Format Version 12.00
# Visual Studio Version 17
VisualStudioVersion = 17.14.36310.24 d17.14
MinimumVisualStudioVersion = 10.0.40219.1
Project("{FAE04EC0-301F-11D3-BF4B-00C04F79EFBC}") = "P38", "P38\P38.csproj", "{C832A966-545E-445C-A948-FB38240617CE}"
EndProject
Global
	GlobalSection(SolutionConfigurationPlatforms) = preSolution
		Debug|Any CPU = Debug|Any CPU
		Release|Any CPU = Release|Any CPU
	EndGlobalSection
	GlobalSection(ProjectConfigurationPlatforms) = postSolution
		{C832A966-545E-445C-A948-FB38240617CE}.Debug|Any CPU.ActiveCfg = Debug|Any CPU
		{C832A966-545E-445C-A948-FB38240617CE}.Debug|Any CPU.Build.0 = Debug|Any CPU
		{C832A966-545E-445C-A948-FB38240617CE}.Release|Any CPU.ActiveCfg = Release|Any CPU
		{C832A966-545E-445C-A948-FB38240617CE}.Release|Any CPU.Build.0 = Release|Any CPU
	EndGlobalSection
	GlobalSection(SolutionProperties) = preSolution
		HideSolutionNode = FALSE
	EndGlobalSection
	GlobalSection(ExtensibilityGlobals) = postSolution
		SolutionGuid = {DB295595-92CD-4E86-A81C-898225BDB1B4}
	EndGlobalSection
EndGlobal
